
Microsoft Visual Studio Solution File, Format Version 12.00
# Visual Studio Version 16
VisualStudioVersion = 16.0.31321.278
MinimumVisualStudioVersion = 10.0.40219.1
Project("{8BC9CEB8-8B4A-11D0-8D11-00A0C91BC942}") = "20220408 - Palindromo", "20220408 - Palindromo\20220408 - Palindromo.vcxproj", "{0E4682E2-C67D-455E-85B1-53D4EBB52F27}"
EndProject
Global
	GlobalSection(SolutionConfigurationPlatforms) = preSolution
		Debug|x64 = Debug|x64
		Debug|x86 = Debug|x86
		Release|x64 = Release|x64
		Release|x86 = Release|x86
	EndGlobalSection
	GlobalSection(ProjectConfigurationPlatforms) = postSolution
		{0E4682E2-C67D-455E-85B1-53D4EBB52F27}.Debug|x64.ActiveCfg = Debug|x64
		{0E4682E2-C67D-455E-85B1-53D4EBB52F27}.Debug|x64.Build.0 = Debug|x64
		{0E4682E2-C67D-455E-85B1-53D4EBB52F27}.Debug|x86.ActiveCfg = Debug|Win32
		{0E4682E2-C67D-455E-85B1-53D4EBB52F27}.Debug|x86.Build.0 = Debug|Win32
		{0E4682E2-C67D-455E-85B1-53D4EBB52F27}.Release|x64.ActiveCfg = Release|x64
		{0E4682E2-C67D-455E-85B1-53D4EBB52F27}.Release|x64.Build.0 = Release|x64
		{0E4682E2-C67D-455E-85B1-53D4EBB52F27}.Release|x86.ActiveCfg = Release|Win32
		{0E4682E2-C67D-455E-85B1-53D4EBB52F27}.Release|x86.Build.0 = Release|Win32
	EndGlobalSection
	GlobalSection(SolutionProperties) = preSolution
		HideSolutionNode = FALSE
	EndGlobalSection
	GlobalSection(ExtensibilityGlobals) = postSolution
		SolutionGuid = {D99B53FE-B7B6-457F-BE72-E24CBF9051F5}
	EndGlobalSection
EndGlobal
